// !$*UTF8*$!
{
	archiveVersion = 1;
	classes = {
	};
	objectVersion = 50;
	objects = {

/* Begin PBXBuildFile section */
		202178082743CC8C0048F3F8 /* main.cpp in Sources */ = {isa = PBXBuildFile; fileRef = 202178072743CC8C0048F3F8 /* main.cpp */; };
		202178242743CD0A0048F3F8 /* image_helper.c in Sources */ = {isa = PBXBuildFile; fileRef = 2021780F2743CD0A0048F3F8 /* image_helper.c */; };
		202178252743CD0A0048F3F8 /* image_DXT.c in Sources */ = {isa = PBXBuildFile; fileRef = 202178132743CD0A0048F3F8 /* image_DXT.c */; };
		202178262743CD0A0048F3F8 /* SOIL2.c in Sources */ = {isa = PBXBuildFile; fileRef = 202178152743CD0A0048F3F8 /* SOIL2.c */; };
		202178272743CD0A0048F3F8 /* wfETC.c in Sources */ = {isa = PBXBuildFile; fileRef = 2021781F2743CD0A0048F3F8 /* wfETC.c */; };
		2021782D2743CEAD0048F3F8 /* OpenGL.framework in Frameworks */ = {isa = PBXBuildFile; fileRef = 2021782C2743CEAD0048F3F8 /* OpenGL.framework */; };
		2021782F2743CECF0048F3F8 /* libGLEW.2.2.0.dylib in Frameworks */ = {isa = PBXBuildFile; fileRef = 2021782E2743CECF0048F3F8 /* libGLEW.2.2.0.dylib */; };
		202178312743CEE90048F3F8 /* libglfw.3.3.dylib in Frameworks */ = {isa = PBXBuildFile; fileRef = 202178302743CEE90048F3F8 /* libglfw.3.3.dylib */; };
		202178332743CEF90048F3F8 /* res in CopyFiles */ = {isa = PBXBuildFile; fileRef = 202178282743CD210048F3F8 /* res */; };
/* End PBXBuildFile section */

/* Begin PBXCopyFilesBuildPhase section */
		202178022743CC8C0048F3F8 /* CopyFiles */ = {
			isa = PBXCopyFilesBuildPhase;
			buildActionMask = 2147483647;
			dstPath = /usr/share/man/man1/;
			dstSubfolderSpec = 0;
			files = (
			);
			runOnlyForDeploymentPostprocessing = 1;
		};
		202178322743CEF50048F3F8 /* CopyFiles */ = {
			isa = PBXCopyFilesBuildPhase;
			buildActionMask = 2147483647;
			dstPath = "";
			dstSubfolderSpec = 7;
			files = (
				202178332743CEF90048F3F8 /* res in CopyFiles */,
			);
			runOnlyForDeploymentPostprocessing = 0;
		};
/* End PBXCopyFilesBuildPhase section */

/* Begin PBXFileReference section */
		202178042743CC8C0048F3F8 /* GLSkyBox */ = {isa = PBXFileReference; explicitFileType = "compiled.mach-o.executable"; includeInIndex = 0; path = GLSkyBox; sourceTree = BUILT_PRODUCTS_DIR; };
		202178072743CC8C0048F3F8 /* main.cpp */ = {isa = PBXFileReference; lastKnownFileType = sourcecode.cpp.cpp; path = main.cpp; sourceTree = "<group>"; };
		2021780F2743CD0A0048F3F8 /* image_helper.c */ = {isa = PBXFileReference; fileEncoding = 4; lastKnownFileType = sourcecode.c.c; path = image_helper.c; sourceTree = "<group>"; };
		202178102743CD0A0048F3F8 /* stbi_pkm.h */ = {isa = PBXFileReference; fileEncoding = 4; lastKnownFileType = sourcecode.c.h; path = stbi_pkm.h; sourceTree = "<group>"; };
		202178112743CD0A0048F3F8 /* jo_jpeg.h */ = {isa = PBXFileReference; fileEncoding = 4; lastKnownFileType = sourcecode.c.h; path = jo_jpeg.h; sourceTree = "<group>"; };
		202178122743CD0A0048F3F8 /* wfETC.h */ = {isa = PBXFileReference; fileEncoding = 4; lastKnownFileType = sourcecode.c.h; path = wfETC.h; sourceTree = "<group>"; };
		202178132743CD0A0048F3F8 /* image_DXT.c */ = {isa = PBXFileReference; fileEncoding = 4; lastKnownFileType = sourcecode.c.c; path = image_DXT.c; sourceTree = "<group>"; };
		202178142743CD0A0048F3F8 /* stb_image_write.h */ = {isa = PBXFileReference; fileEncoding = 4; lastKnownFileType = sourcecode.c.h; path = stb_image_write.h; sourceTree = "<group>"; };
		202178152743CD0A0048F3F8 /* SOIL2.c */ = {isa = PBXFileReference; fileEncoding = 4; lastKnownFileType = sourcecode.c.c; path = SOIL2.c; sourceTree = "<group>"; };
		202178162743CD0A0048F3F8 /* pkm_helper.h */ = {isa = PBXFileReference; fileEncoding = 4; lastKnownFileType = sourcecode.c.h; path = pkm_helper.h; sourceTree = "<group>"; };
		202178172743CD0A0048F3F8 /* stbi_DDS_c.h */ = {isa = PBXFileReference; fileEncoding = 4; lastKnownFileType = sourcecode.c.h; path = stbi_DDS_c.h; sourceTree = "<group>"; };
		202178182743CD0A0048F3F8 /* stbi_pvr.h */ = {isa = PBXFileReference; fileEncoding = 4; lastKnownFileType = sourcecode.c.h; path = stbi_pvr.h; sourceTree = "<group>"; };
		202178192743CD0A0048F3F8 /* stbi_ext.h */ = {isa = PBXFileReference; fileEncoding = 4; lastKnownFileType = sourcecode.c.h; path = stbi_ext.h; sourceTree = "<group>"; };
		2021781A2743CD0A0048F3F8 /* stb_image.h */ = {isa = PBXFileReference; fileEncoding = 4; lastKnownFileType = sourcecode.c.h; path = stb_image.h; sourceTree = "<group>"; };
		2021781B2743CD0A0048F3F8 /* stbi_pvr_c.h */ = {isa = PBXFileReference; fileEncoding = 4; lastKnownFileType = sourcecode.c.h; path = stbi_pvr_c.h; sourceTree = "<group>"; };
		2021781C2743CD0A0048F3F8 /* stbi_ext_c.h */ = {isa = PBXFileReference; fileEncoding = 4; lastKnownFileType = sourcecode.c.h; path = stbi_ext_c.h; sourceTree = "<group>"; };
		2021781D2743CD0A0048F3F8 /* image_helper.h */ = {isa = PBXFileReference; fileEncoding = 4; lastKnownFileType = sourcecode.c.h; path = image_helper.h; sourceTree = "<group>"; };
		2021781E2743CD0A0048F3F8 /* SOIL2.h */ = {isa = PBXFileReference; fileEncoding = 4; lastKnownFileType = sourcecode.c.h; path = SOIL2.h; sourceTree = "<group>"; };
		2021781F2743CD0A0048F3F8 /* wfETC.c */ = {isa = PBXFileReference; fileEncoding = 4; lastKnownFileType = sourcecode.c.c; path = wfETC.c; sourceTree = "<group>"; };
		202178202743CD0A0048F3F8 /* image_DXT.h */ = {isa = PBXFileReference; fileEncoding = 4; lastKnownFileType = sourcecode.c.h; path = image_DXT.h; sourceTree = "<group>"; };
		202178212743CD0A0048F3F8 /* stbi_pkm_c.h */ = {isa = PBXFileReference; fileEncoding = 4; lastKnownFileType = sourcecode.c.h; path = stbi_pkm_c.h; sourceTree = "<group>"; };
		202178222743CD0A0048F3F8 /* stbi_DDS.h */ = {isa = PBXFileReference; fileEncoding = 4; lastKnownFileType = sourcecode.c.h; path = stbi_DDS.h; sourceTree = "<group>"; };
		202178232743CD0A0048F3F8 /* pvr_helper.h */ = {isa = PBXFileReference; fileEncoding = 4; lastKnownFileType = sourcecode.c.h; path = pvr_helper.h; sourceTree = "<group>"; };
		202178282743CD210048F3F8 /* res */ = {isa = PBXFileReference; lastKnownFileType = folder; path = res; sourceTree = "<group>"; };
		2021782C2743CEAD0048F3F8 /* OpenGL.framework */ = {isa = PBXFileReference; lastKnownFileType = wrapper.framework; name = OpenGL.framework; path = System/Library/Frameworks/OpenGL.framework; sourceTree = SDKROOT; };
		2021782E2743CECF0048F3F8 /* libGLEW.2.2.0.dylib */ = {isa = PBXFileReference; lastKnownFileType = "compiled.mach-o.dylib"; name = libGLEW.2.2.0.dylib; path = ../../../../../../../usr/local/Cellar/glew/2.2.0_1/lib/libGLEW.2.2.0.dylib; sourceTree = "<group>"; };
		202178302743CEE90048F3F8 /* libglfw.3.3.dylib */ = {isa = PBXFileReference; lastKnownFileType = "compiled.mach-o.dylib"; name = libglfw.3.3.dylib; path = ../../../../../../../usr/local/Cellar/glfw/3.3.4/lib/libglfw.3.3.dylib; sourceTree = "<group>"; };
		202178342743CF870048F3F8 /* Shader.h */ = {isa = PBXFileReference; lastKnownFileType = sourcecode.c.h; path = Shader.h; sourceTree = "<group>"; };
		202178372743E8790048F3F8 /* camera.h */ = {isa = PBXFileReference; lastKnownFileType = sourcecode.c.h; path = camera.h; sourceTree = "<group>"; };
		202178382743EE680048F3F8 /* model.h */ = {isa = PBXFileReference; lastKnownFileType = sourcecode.c.h; path = model.h; sourceTree = "<group>"; };
		202178392743F2080048F3F8 /* mesh.h */ = {isa = PBXFileReference; lastKnownFileType = sourcecode.c.h; path = mesh.h; sourceTree = "<group>"; };
		2021783A27448D970048F3F8 /* light.h */ = {isa = PBXFileReference; lastKnownFileType = sourcecode.c.h; path = light.h; sourceTree = "<group>"; };
/* End PBXFileReference section */

/* Begin PBXFrameworksBuildPhase section */
		202178012743CC8C0048F3F8 /* Frameworks */ = {
			isa = PBXFrameworksBuildPhase;
			buildActionMask = 2147483647;
			files = (
				202178312743CEE90048F3F8 /* libglfw.3.3.dylib in Frameworks */,
				2021782F2743CECF0048F3F8 /* libGLEW.2.2.0.dylib in Frameworks */,
				2021782D2743CEAD0048F3F8 /* OpenGL.framework in Frameworks */,
			);
			runOnlyForDeploymentPostprocessing = 0;
		};
/* End PBXFrameworksBuildPhase section */

/* Begin PBXGroup section */
		202177FB2743CC8C0048F3F8 = {
			isa = PBXGroup;
			children = (
				202178062743CC8C0048F3F8 /* GLSkyBox */,
				202178052743CC8C0048F3F8 /* Products */,
				2021782B2743CEAD0048F3F8 /* Frameworks */,
			);
			sourceTree = "<group>";
		};
		202178052743CC8C0048F3F8 /* Products */ = {
			isa = PBXGroup;
			children = (
				202178042743CC8C0048F3F8 /* GLSkyBox */,
			);
			name = Products;
			sourceTree = "<group>";
		};
		202178062743CC8C0048F3F8 /* GLSkyBox */ = {
			isa = PBXGroup;
			children = (
				202178282743CD210048F3F8 /* res */,
				2021780E2743CD0A0048F3F8 /* SOIL2 */,
				202178072743CC8C0048F3F8 /* main.cpp */,
				2021783A27448D970048F3F8 /* light.h */,
				202178392743F2080048F3F8 /* mesh.h */,
				202178382743EE680048F3F8 /* model.h */,
				202178372743E8790048F3F8 /* camera.h */,
				202178342743CF870048F3F8 /* Shader.h */,
			);
			path = GLSkyBox;
			sourceTree = "<group>";
		};
		2021780E2743CD0A0048F3F8 /* SOIL2 */ = {
			isa = PBXGroup;
			children = (
				2021780F2743CD0A0048F3F8 /* image_helper.c */,
				202178102743CD0A0048F3F8 /* stbi_pkm.h */,
				202178112743CD0A0048F3F8 /* jo_jpeg.h */,
				202178122743CD0A0048F3F8 /* wfETC.h */,
				202178132743CD0A0048F3F8 /* image_DXT.c */,
				202178142743CD0A0048F3F8 /* stb_image_write.h */,
				202178152743CD0A0048F3F8 /* SOIL2.c */,
				202178162743CD0A0048F3F8 /* pkm_helper.h */,
				202178172743CD0A0048F3F8 /* stbi_DDS_c.h */,
				202178182743CD0A0048F3F8 /* stbi_pvr.h */,
				202178192743CD0A0048F3F8 /* stbi_ext.h */,
				2021781A2743CD0A0048F3F8 /* stb_image.h */,
				2021781B2743CD0A0048F3F8 /* stbi_pvr_c.h */,
				2021781C2743CD0A0048F3F8 /* stbi_ext_c.h */,
				2021781D2743CD0A0048F3F8 /* image_helper.h */,
				2021781E2743CD0A0048F3F8 /* SOIL2.h */,
				2021781F2743CD0A0048F3F8 /* wfETC.c */,
				202178202743CD0A0048F3F8 /* image_DXT.h */,
				202178212743CD0A0048F3F8 /* stbi_pkm_c.h */,
				202178222743CD0A0048F3F8 /* stbi_DDS.h */,
				202178232743CD0A0048F3F8 /* pvr_helper.h */,
			);
			path = SOIL2;
			sourceTree = "<group>";
		};
		2021782B2743CEAD0048F3F8 /* Frameworks */ = {
			isa = PBXGroup;
			children = (
				202178302743CEE90048F3F8 /* libglfw.3.3.dylib */,
				2021782E2743CECF0048F3F8 /* libGLEW.2.2.0.dylib */,
				2021782C2743CEAD0048F3F8 /* OpenGL.framework */,
			);
			name = Frameworks;
			sourceTree = "<group>";
		};
/* End PBXGroup section */

/* Begin PBXNativeTarget section */
		202178032743CC8C0048F3F8 /* GLSkyBox */ = {
			isa = PBXNativeTarget;
			buildConfigurationList = 2021780B2743CC8C0048F3F8 /* Build configuration list for PBXNativeTarget "GLSkyBox" */;
			buildPhases = (
				202178002743CC8C0048F3F8 /* Sources */,
				202178012743CC8C0048F3F8 /* Frameworks */,
				202178022743CC8C0048F3F8 /* CopyFiles */,
				202178322743CEF50048F3F8 /* CopyFiles */,
			);
			buildRules = (
			);
			dependencies = (
			);
			name = GLSkyBox;
			productName = GLSkyBox;
			productReference = 202178042743CC8C0048F3F8 /* GLSkyBox */;
			productType = "com.apple.product-type.tool";
		};
/* End PBXNativeTarget section */

/* Begin PBXProject section */
		202177FC2743CC8C0048F3F8 /* Project object */ = {
			isa = PBXProject;
			attributes = {
				LastUpgradeCheck = 1250;
				TargetAttributes = {
					202178032743CC8C0048F3F8 = {
						CreatedOnToolsVersion = 12.5.1;
					};
				};
			};
			buildConfigurationList = 202177FF2743CC8C0048F3F8 /* Build configuration list for PBXProject "GLSkyBox" */;
			compatibilityVersion = "Xcode 9.3";
			developmentRegion = en;
			hasScannedForEncodings = 0;
			knownRegions = (
				en,
				Base,
			);
			mainGroup = 202177FB2743CC8C0048F3F8;
			productRefGroup = 202178052743CC8C0048F3F8 /* Products */;
			projectDirPath = "";
			projectRoot = "";
			targets = (
				202178032743CC8C0048F3F8 /* GLSkyBox */,
			);
		};
/* End PBXProject section */

/* Begin PBXSourcesBuildPhase section */
		202178002743CC8C0048F3F8 /* Sources */ = {
			isa = PBXSourcesBuildPhase;
			buildActionMask = 2147483647;
			files = (
				202178272743CD0A0048F3F8 /* wfETC.c in Sources */,
				202178082743CC8C0048F3F8 /* main.cpp in Sources */,
				202178262743CD0A0048F3F8 /* SOIL2.c in Sources */,
				202178242743CD0A0048F3F8 /* image_helper.c in Sources */,
				202178252743CD0A0048F3F8 /* image_DXT.c in Sources */,
			);
			runOnlyForDeploymentPostprocessing = 0;
		};
/* End PBXSourcesBuildPhase section */

/* Begin XCBuildConfiguration section */
		202178092743CC8C0048F3F8 /* Debug */ = {
			isa = XCBuildConfiguration;
			buildSettings = {
				ALWAYS_SEARCH_USER_PATHS = NO;
				CLANG_ANALYZER_NONNULL = YES;
				CLANG_ANALYZER_NUMBER_OBJECT_CONVERSION = YES_AGGRESSIVE;
				CLANG_CXX_LANGUAGE_STANDARD = "gnu++14";
				CLANG_CXX_LIBRARY = "libc++";
				CLANG_ENABLE_MODULES = YES;
				CLANG_ENABLE_OBJC_ARC = YES;
				CLANG_ENABLE_OBJC_WEAK = YES;
				CLANG_WARN_BLOCK_CAPTURE_AUTORELEASING = YES;
				CLANG_WARN_BOOL_CONVERSION = YES;
				CLANG_WARN_COMMA = YES;
				CLANG_WARN_CONSTANT_CONVERSION = YES;
				CLANG_WARN_DEPRECATED_OBJC_IMPLEMENTATIONS = YES;
				CLANG_WARN_DIRECT_OBJC_ISA_USAGE = YES_ERROR;
				CLANG_WARN_DOCUMENTATION_COMMENTS = YES;
				CLANG_WARN_EMPTY_BODY = YES;
				CLANG_WARN_ENUM_CONVERSION = YES;
				CLANG_WARN_INFINITE_RECURSION = YES;
				CLANG_WARN_INT_CONVERSION = YES;
				CLANG_WARN_NON_LITERAL_NULL_CONVERSION = YES;
				CLANG_WARN_OBJC_IMPLICIT_RETAIN_SELF = YES;
				CLANG_WARN_OBJC_LITERAL_CONVERSION = YES;
				CLANG_WARN_OBJC_ROOT_CLASS = YES_ERROR;
				CLANG_WARN_QUOTED_INCLUDE_IN_FRAMEWORK_HEADER = YES;
				CLANG_WARN_RANGE_LOOP_ANALYSIS = YES;
				CLANG_WARN_STRICT_PROTOTYPES = YES;
				CLANG_WARN_SUSPICIOUS_MOVE = YES;
				CLANG_WARN_UNGUARDED_AVAILABILITY = YES_AGGRESSIVE;
				CLANG_WARN_UNREACHABLE_CODE = YES;
				CLANG_WARN__DUPLICATE_METHOD_MATCH = YES;
				COPY_PHASE_STRIP = NO;
				DEBUG_INFORMATION_FORMAT = dwarf;
				ENABLE_STRICT_OBJC_MSGSEND = YES;
				ENABLE_TESTABILITY = YES;
				GCC_C_LANGUAGE_STANDARD = gnu11;
				GCC_DYNAMIC_NO_PIC = NO;
				GCC_NO_COMMON_BLOCKS = YES;
				GCC_OPTIMIZATION_LEVEL = 0;
				GCC_PREPROCESSOR_DEFINITIONS = (
					"DEBUG=1",
					"$(inherited)",
				);
				GCC_WARN_64_TO_32_BIT_CONVERSION = YES;
				GCC_WARN_ABOUT_RETURN_TYPE = YES_ERROR;
				GCC_WARN_UNDECLARED_SELECTOR = YES;
				GCC_WARN_UNINITIALIZED_AUTOS = YES_AGGRESSIVE;
				GCC_WARN_UNUSED_FUNCTION = YES;
				GCC_WARN_UNUSED_VARIABLE = YES;
				MACOSX_DEPLOYMENT_TARGET = 11.3;
				MTL_ENABLE_DEBUG_INFO = INCLUDE_SOURCE;
				MTL_FAST_MATH = YES;
				ONLY_ACTIVE_ARCH = YES;
				SDKROOT = macosx;
			};
			name = Debug;
		};
		2021780A2743CC8C0048F3F8 /* Release */ = {
			isa = XCBuildConfiguration;
			buildSettings = {
				ALWAYS_SEARCH_USER_PATHS = NO;
				CLANG_ANALYZER_NONNULL = YES;
				CLANG_ANALYZER_NUMBER_OBJECT_CONVERSION = YES_AGGRESSIVE;
				CLANG_CXX_LANGUAGE_STANDARD = "gnu++14";
				CLANG_CXX_LIBRARY = "libc++";
				CLANG_ENABLE_MODULES = YES;
				CLANG_ENABLE_OBJC_ARC = YES;
				CLANG_ENABLE_OBJC_WEAK = YES;
				CLANG_WARN_BLOCK_CAPTURE_AUTORELEASING = YES;
				CLANG_WARN_BOOL_CONVERSION = YES;
				CLANG_WARN_COMMA = YES;
				CLANG_WARN_CONSTANT_CONVERSION = YES;
				CLANG_WARN_DEPRECATED_OBJC_IMPLEMENTATIONS = YES;
				CLANG_WARN_DIRECT_OBJC_ISA_USAGE = YES_ERROR;
				CLANG_WARN_DOCUMENTATION_COMMENTS = YES;
				CLANG_WARN_EMPTY_BODY = YES;
				CLANG_WARN_ENUM_CONVERSION = YES;
				CLANG_WARN_INFINITE_RECURSION = YES;
				CLANG_WARN_INT_CONVERSION = YES;
				CLANG_WARN_NON_LITERAL_NULL_CONVERSION = YES;
				CLANG_WARN_OBJC_IMPLICIT_RETAIN_SELF = YES;
				CLANG_WARN_OBJC_LITERAL_CONVERSION = YES;
				CLANG_WARN_OBJC_ROOT_CLASS = YES_ERROR;
				CLANG_WARN_QUOTED_INCLUDE_IN_FRAMEWORK_HEADER = YES;
				CLANG_WARN_RANGE_LOOP_ANALYSIS = YES;
				CLANG_WARN_STRICT_PROTOTYPES = YES;
				CLANG_WARN_SUSPICIOUS_MOVE = YES;
				CLANG_WARN_UNGUARDED_AVAILABILITY = YES_AGGRESSIVE;
				CLANG_WARN_UNREACHABLE_CODE = YES;
				CLANG_WARN__DUPLICATE_METHOD_MATCH = YES;
				COPY_PHASE_STRIP = NO;
				DEBUG_INFORMATION_FORMAT = "dwarf-with-dsym";
				ENABLE_NS_ASSERTIONS = NO;
				ENABLE_STRICT_OBJC_MSGSEND = YES;
				GCC_C_LANGUAGE_STANDARD = gnu11;
				GCC_NO_COMMON_BLOCKS = YES;
				GCC_WARN_64_TO_32_BIT_CONVERSION = YES;
				GCC_WARN_ABOUT_RETURN_TYPE = YES_ERROR;
				GCC_WARN_UNDECLARED_SELECTOR = YES;
				GCC_WARN_UNINITIALIZED_AUTOS = YES_AGGRESSIVE;
				GCC_WARN_UNUSED_FUNCTION = YES;
				GCC_WARN_UNUSED_VARIABLE = YES;
				MACOSX_DEPLOYMENT_TARGET = 11.3;
				MTL_ENABLE_DEBUG_INFO = NO;
				MTL_FAST_MATH = YES;
				SDKROOT = macosx;
			};
			name = Release;
		};
		2021780C2743CC8C0048F3F8 /* Debug */ = {
			isa = XCBuildConfiguration;
			buildSettings = {
				CLANG_CXX_LANGUAGE_STANDARD = "gnu++14";
				CLANG_CXX_LIBRARY = "libc++";
				CODE_SIGN_STYLE = Automatic;
				DEVELOPMENT_TEAM = 6GGAC2P8V3;
				ENABLE_HARDENED_RUNTIME = YES;
				"HEADER_SEARCH_PATHS[arch=*]" = /usr/local/include;
				LIBRARY_SEARCH_PATHS = (
					"$(inherited)",
					/usr/local/Cellar/glew/2.2.0_1/lib,
					/usr/local/Cellar/glfw/3.3.4/lib,
				);
				PRODUCT_NAME = "$(TARGET_NAME)";
			};
			name = Debug;
		};
		2021780D2743CC8C0048F3F8 /* Release */ = {
			isa = XCBuildConfiguration;
			buildSettings = {
				CLANG_CXX_LANGUAGE_STANDARD = "gnu++14";
				CLANG_CXX_LIBRARY = "libc++";
				CODE_SIGN_STYLE = Automatic;
				DEVELOPMENT_TEAM = 6GGAC2P8V3;
				ENABLE_HARDENED_RUNTIME = YES;
				"HEADER_SEARCH_PATHS[arch=*]" = /usr/local/include;
				LIBRARY_SEARCH_PATHS = (
					"$(inherited)",
					/usr/local/Cellar/glew/2.2.0_1/lib,
					/usr/local/Cellar/glfw/3.3.4/lib,
				);
				PRODUCT_NAME = "$(TARGET_NAME)";
			};
			name = Release;
		};
/* End XCBuildConfiguration section */

/* Begin XCConfigurationList section */
		202177FF2743CC8C0048F3F8 /* Build configuration list for PBXProject "GLSkyBox" */ = {
			isa = XCConfigurationList;
			buildConfigurations = (
				202178092743CC8C0048F3F8 /* Debug */,
				2021780A2743CC8C0048F3F8 /* Release */,
			);
			defaultConfigurationIsVisible = 0;
			defaultConfigurationName = Release;
		};
		2021780B2743CC8C0048F3F8 /* Build configuration list for PBXNativeTarget "GLSkyBox" */ = {
			isa = XCConfigurationList;
			buildConfigurations = (
				2021780C2743CC8C0048F3F8 /* Debug */,
				2021780D2743CC8C0048F3F8 /* Release */,
			);
			defaultConfigurationIsVisible = 0;
			defaultConfigurationName = Release;
		};
/* End XCConfigurationList section */
	};
	rootObject = 202177FC2743CC8C0048F3F8 /* Project object */;
}
